
Microsoft Visual Studio Solution File, Format Version 12.00
# Visual Studio Version 17
VisualStudioVersion = 17.13.35931.197 d17.13
MinimumVisualStudioVersion = 10.0.40219.1
Project("{FAE04EC0-301F-11D3-BF4B-00C04F79EFBC}") = "LSP", "LSP\LSP.csproj", "{390D899D-F200-46CC-9EB5-6F355FD9513B}"
EndProject
Global
	GlobalSection(SolutionConfigurationPlatforms) = preSolution
		Debug|Any CPU = Debug|Any CPU
		Release|Any CPU = Release|Any CPU
	EndGlobalSection
	GlobalSection(ProjectConfigurationPlatforms) = postSolution
		{390D899D-F200-46CC-9EB5-6F355FD9513B}.Debug|Any CPU.ActiveCfg = Debug|Any CPU
		{390D899D-F200-46CC-9EB5-6F355FD9513B}.Debug|Any CPU.Build.0 = Debug|Any CPU
		{390D899D-F200-46CC-9EB5-6F355FD9513B}.Release|Any CPU.ActiveCfg = Release|Any CPU
		{390D899D-F200-46CC-9EB5-6F355FD9513B}.Release|Any CPU.Build.0 = Release|Any CPU
	EndGlobalSection
	GlobalSection(SolutionProperties) = preSolution
		HideSolutionNode = FALSE
	EndGlobalSection
	GlobalSection(ExtensibilityGlobals) = postSolution
		SolutionGuid = {275ABAEF-4D4B-46CB-AA9E-83F10FA2F8E9}
	EndGlobalSection
EndGlobal
